apiVersion: kiox.io/v1
kind: WorkspaceLock
metadata:
    name: sourceplane-saas
providers:
    - alias: orun
      provider: sourceplane/orun
      source: ghcr.io/sourceplane/orun:v1.11.0
      version: v1.11.0
      resolved: ghcr.io/sourceplane/orun@sha256:8315fa0cf6963d8d20134ed9beb1e34b20ab93bfa4280ca08281fb25bc38b859
      store: 3bb21e809722d5e15e54567cd65524c9c69a086d2140c8de7588f7ed8a4ce2c3
